
Microsoft Visual Studio Solution File, Format Version 12.00
# Visual Studio Version 17
VisualStudioVersion = 17.9.34622.214
MinimumVisualStudioVersion = 10.0.40219.1
Project("{9A19103F-16F7-4668-BE54-9A1E7A4F7556}") = "Futese", "Futese\Futese.csproj", "{842D6AA7-86AC-40AA-BC37-E5C32B22E8EC}"
EndProject
Project("{FAE04EC0-301F-11D3-BF4B-00C04F79EFBC}") = "Futese.Tests", "Futese.Tests\Futese.Tests.csproj", "{F073781E-B0FE-427F-95E7-B137EFB93E6C}"
EndProject
Global
	GlobalSection(SolutionConfigurationPlatforms) = preSolution
		Debug|Any CPU = Debug|Any CPU
		Release|Any CPU = Release|Any CPU
	EndGlobalSection
	GlobalSection(ProjectConfigurationPlatforms) = postSolution
		{842D6AA7-86AC-40AA-BC37-E5C32B22E8EC}.Debug|Any CPU.ActiveCfg = Debug|Any CPU
		{842D6AA7-86AC-40AA-BC37-E5C32B22E8EC}.Debug|Any CPU.Build.0 = Debug|Any CPU
		{842D6AA7-86AC-40AA-BC37-E5C32B22E8EC}.Release|Any CPU.ActiveCfg = Release|Any CPU
		{842D6AA7-86AC-40AA-BC37-E5C32B22E8EC}.Release|Any CPU.Build.0 = Release|Any CPU
		{F073781E-B0FE-427F-95E7-B137EFB93E6C}.Debug|Any CPU.ActiveCfg = Debug|Any CPU
		{F073781E-B0FE-427F-95E7-B137EFB93E6C}.Debug|Any CPU.Build.0 = Debug|Any CPU
		{F073781E-B0FE-427F-95E7-B137EFB93E6C}.Release|Any CPU.ActiveCfg = Release|Any CPU
		{F073781E-B0FE-427F-95E7-B137EFB93E6C}.Release|Any CPU.Build.0 = Release|Any CPU
	EndGlobalSection
	GlobalSection(SolutionProperties) = preSolution
		HideSolutionNode = FALSE
	EndGlobalSection
	GlobalSection(ExtensibilityGlobals) = postSolution
		SolutionGuid = {2DC6B0C2-6CEF-4476-8CDA-508A07A44D2D}
	EndGlobalSection
EndGlobal
